
Microsoft Visual Studio Solution File, Format Version 12.00
# Visual Studio Version 16
VisualStudioVersion = 16.0.30011.22
MinimumVisualStudioVersion = 10.0.40219.1
Project("{FAE04EC0-301F-11D3-BF4B-00C04F79EFBC}") = "Prb.Variabelen01.WPF", "Prb.Variabelen01.WPF\Prb.Variabelen01.WPF.csproj", "{6360A8D5-0F28-45A9-BDD9-F4F741677113}"
EndProject
Global
	GlobalSection(SolutionConfigurationPlatforms) = preSolution
		Debug|Any CPU = Debug|Any CPU
		Release|Any CPU = Release|Any CPU
	EndGlobalSection
	GlobalSection(ProjectConfigurationPlatforms) = postSolution
		{6360A8D5-0F28-45A9-BDD9-F4F741677113}.Debug|Any CPU.ActiveCfg = Debug|Any CPU
		{6360A8D5-0F28-45A9-BDD9-F4F741677113}.Debug|Any CPU.Build.0 = Debug|Any CPU
		{6360A8D5-0F28-45A9-BDD9-F4F741677113}.Release|Any CPU.ActiveCfg = Release|Any CPU
		{6360A8D5-0F28-45A9-BDD9-F4F741677113}.Release|Any CPU.Build.0 = Release|Any CPU
	EndGlobalSection
	GlobalSection(SolutionProperties) = preSolution
		HideSolutionNode = FALSE
	EndGlobalSection
	GlobalSection(ExtensibilityGlobals) = postSolution
		SolutionGuid = {42348F71-B799-4F2A-9B44-2B32FE67488B}
	EndGlobalSection
EndGlobal
